{
  "version": 4,
  "terraform_version": "0.12.24",
  "serial": 20,
  "lineage": "69cb02d2-eb7e-ceb6-1f6a-fc4cf4755def",
  "outputs": {},
  "resources": [
    {
      "mode": "data",
      "type": "vsphere_datacenter",
      "name": "datacenter",
      "provider": "provider.vsphere",
      "instances": [
        {
          "schema_version": 0,
          "attributes": {
            "id": "datacenter-2",
            "name": "SDN"
          }
        }
      ]
    },
    {
      "mode": "data",
      "type": "vsphere_host",
      "name": "esxi_host",
      "provider": "provider.vsphere",
      "instances": [
        {
          "schema_version": 0,
          "attributes": {
            "datacenter_id": "datacenter-2",
            "id": "host-9",
            "name": "10.11.1.51",
            "resource_pool_id": "resgroup-8"
          }
        }
      ]
    },
    {
      "mode": "managed",
      "type": "esxi_guest",
      "name": "leaf_switch",
      "each": "map",
      "provider": "provider.esxi",
      "instances": []
    },
    {
      "mode": "managed",
      "type": "esxi_guest",
      "name": "spine_switch",
      "each": "map",
      "provider": "provider.esxi",
      "instances": []
    },
    {
      "mode": "managed",
      "type": "vsphere_host_port_group",
      "name": "pod_portgroups",
      "each": "map",
      "provider": "provider.vsphere",
      "instances": [
        {
          "index_key": "LEAF11_EXT",
          "schema_version": 0,
          "attributes": {
            "active_nics": null,
            "allow_forged_transmits": true,
            "allow_mac_changes": true,
            "allow_promiscuous": true,
            "check_beacon": null,
            "computed_policy": {
              "active_nics.#": "1",
              "active_nics.0": "vmnic0",
              "allow_forged_transmits": "true",
              "allow_mac_changes": "true",
              "allow_promiscuous": "true",
              "check_beacon": "false",
              "failback": "true",
              "notify_switches": "true",
              "shaping_average_bandwidth": "0",
              "shaping_burst_size": "0",
              "shaping_enabled": "false",
              "shaping_peak_bandwidth": "0",
              "standby_nics.#": "0",
              "teaming_policy": "loadbalance_srcid"
            },
            "failback": null,
            "host_system_id": "host-9",
            "id": "tf-HostPortGroup:host-9:(2123) POD1_LEAF11_EXT",
            "key": "key-vim.host.PortGroup-(2123) POD1_LEAF11_EXT",
            "name": "(2123) POD1_LEAF11_EXT",
            "notify_switches": null,
            "ports": [
              {
                "key": "key-vim.host.PortGroup.Port-33554445",
                "mac_addresses": [
                  "02:00:fa:b1:11:14"
                ],
                "type": "virtualMachine"
              }
            ],
            "shaping_average_bandwidth": 0,
            "shaping_burst_size": 0,
            "shaping_enabled": null,
            "shaping_peak_bandwidth": 0,
            "standby_nics": null,
            "teaming_policy": "",
            "virtual_switch_name": "vSwitch0",
            "vlan_id": 2123
          }
        },
        {
          "index_key": "LEAF11_SPINE21",
          "schema_version": 0,
          "attributes": {
            "active_nics": null,
            "allow_forged_transmits": true,
            "allow_mac_changes": true,
            "allow_promiscuous": true,
            "check_beacon": null,
            "computed_policy": {
              "active_nics.#": "1",
              "active_nics.0": "vmnic0",
              "allow_forged_transmits": "true",
              "allow_mac_changes": "true",
              "allow_promiscuous": "true",
              "check_beacon": "false",
              "failback": "true",
              "notify_switches": "true",
              "shaping_average_bandwidth": "0",
              "shaping_burst_size": "0",
              "shaping_enabled": "false",
              "shaping_peak_bandwidth": "0",
              "standby_nics.#": "0",
              "teaming_policy": "loadbalance_srcid"
            },
            "failback": null,
            "host_system_id": "host-9",
            "id": "tf-HostPortGroup:host-9:(2111) POD1_LEAF11_SPINE21",
            "key": "key-vim.host.PortGroup-(2111) POD1_LEAF11_SPINE21",
            "name": "(2111) POD1_LEAF11_SPINE21",
            "notify_switches": null,
            "ports": [
              {
                "key": "key-vim.host.PortGroup.Port-33554447",
                "mac_addresses": [
                  "02:00:fa:b1:11:11"
                ],
                "type": "virtualMachine"
              }
            ],
            "shaping_average_bandwidth": 0,
            "shaping_burst_size": 0,
            "shaping_enabled": null,
            "shaping_peak_bandwidth": 0,
            "standby_nics": null,
            "teaming_policy": "",
            "virtual_switch_name": "vSwitch0",
            "vlan_id": 2111
          }
        },
        {
          "index_key": "LEAF11_SPINE22",
          "schema_version": 0,
          "attributes": {
            "active_nics": null,
            "allow_forged_transmits": true,
            "allow_mac_changes": true,
            "allow_promiscuous": true,
            "check_beacon": null,
            "computed_policy": {
              "active_nics.#": "1",
              "active_nics.0": "vmnic0",
              "allow_forged_transmits": "true",
              "allow_mac_changes": "true",
              "allow_promiscuous": "true",
              "check_beacon": "false",
              "failback": "true",
              "notify_switches": "true",
              "shaping_average_bandwidth": "0",
              "shaping_burst_size": "0",
              "shaping_enabled": "false",
              "shaping_peak_bandwidth": "0",
              "standby_nics.#": "0",
              "teaming_policy": "loadbalance_srcid"
            },
            "failback": null,
            "host_system_id": "host-9",
            "id": "tf-HostPortGroup:host-9:(2113) POD1_LEAF11_SPINE22",
            "key": "key-vim.host.PortGroup-(2113) POD1_LEAF11_SPINE22",
            "name": "(2113) POD1_LEAF11_SPINE22",
            "notify_switches": null,
            "ports": [
              {
                "key": "key-vim.host.PortGroup.Port-33554446",
                "mac_addresses": [
                  "02:00:fa:b1:11:12"
                ],
                "type": "virtualMachine"
              }
            ],
            "shaping_average_bandwidth": 0,
            "shaping_burst_size": 0,
            "shaping_enabled": null,
            "shaping_peak_bandwidth": 0,
            "standby_nics": null,
            "teaming_policy": "",
            "virtual_switch_name": "vSwitch0",
            "vlan_id": 2113
          }
        },
        {
          "index_key": "LEAF12_SPINE21",
          "schema_version": 0,
          "attributes": {
            "active_nics": null,
            "allow_forged_transmits": true,
            "allow_mac_changes": true,
            "allow_promiscuous": true,
            "check_beacon": null,
            "computed_policy": {
              "active_nics.#": "1",
              "active_nics.0": "vmnic0",
              "allow_forged_transmits": "true",
              "allow_mac_changes": "true",
              "allow_promiscuous": "true",
              "check_beacon": "false",
              "failback": "true",
              "notify_switches": "true",
              "shaping_average_bandwidth": "0",
              "shaping_burst_size": "0",
              "shaping_enabled": "false",
              "shaping_peak_bandwidth": "0",
              "standby_nics.#": "0",
              "teaming_policy": "loadbalance_srcid"
            },
            "failback": null,
            "host_system_id": "host-9",
            "id": "tf-HostPortGroup:host-9:(2112) POD1_LEAF12_SPINE21",
            "key": "key-vim.host.PortGroup-(2112) POD1_LEAF12_SPINE21",
            "name": "(2112) POD1_LEAF12_SPINE21",
            "notify_switches": null,
            "ports": [
              {
                "key": "key-vim.host.PortGroup.Port-33554450",
                "mac_addresses": [
                  "02:00:fa:b1:12:11"
                ],
                "type": "virtualMachine"
              }
            ],
            "shaping_average_bandwidth": 0,
            "shaping_burst_size": 0,
            "shaping_enabled": null,
            "shaping_peak_bandwidth": 0,
            "standby_nics": null,
            "teaming_policy": "",
            "virtual_switch_name": "vSwitch0",
            "vlan_id": 2112
          }
        },
        {
          "index_key": "LEAF12_SPINE22",
          "schema_version": 0,
          "attributes": {
            "active_nics": null,
            "allow_forged_transmits": true,
            "allow_mac_changes": true,
            "allow_promiscuous": true,
            "check_beacon": null,
            "computed_policy": {
              "active_nics.#": "1",
              "active_nics.0": "vmnic0",
              "allow_forged_transmits": "true",
              "allow_mac_changes": "true",
              "allow_promiscuous": "true",
              "check_beacon": "false",
              "failback": "true",
              "notify_switches": "true",
              "shaping_average_bandwidth": "0",
              "shaping_burst_size": "0",
              "shaping_enabled": "false",
              "shaping_peak_bandwidth": "0",
              "standby_nics.#": "0",
              "teaming_policy": "loadbalance_srcid"
            },
            "failback": null,
            "host_system_id": "host-9",
            "id": "tf-HostPortGroup:host-9:(2114) POD1_LEAF12_SPINE22",
            "key": "key-vim.host.PortGroup-(2114) POD1_LEAF12_SPINE22",
            "name": "(2114) POD1_LEAF12_SPINE22",
            "notify_switches": null,
            "ports": [
              {
                "key": "key-vim.host.PortGroup.Port-33554449",
                "mac_addresses": [
                  "02:00:fa:b1:12:12"
                ],
                "type": "virtualMachine"
              }
            ],
            "shaping_average_bandwidth": 0,
            "shaping_burst_size": 0,
            "shaping_enabled": null,
            "shaping_peak_bandwidth": 0,
            "standby_nics": null,
            "teaming_policy": "",
            "virtual_switch_name": "vSwitch0",
            "vlan_id": 2114
          }
        }
      ]
    }
  ]
}
