{
  "version": 4,
  "terraform_version": "0.12.24",
  "serial": 217,
  "lineage": "94f4eeca-164a-f2ab-9d88-b5296d03acf0",
  "outputs": {},
  "resources": [
    {
      "mode": "data",
      "type": "vsphere_datacenter",
      "name": "dc",
      "provider": "provider.vsphere",
      "instances": [
        {
          "schema_version": 0,
          "attributes": {
            "id": "datacenter-2",
            "name": "CSH"
          }
        }
      ]
    },
    {
      "mode": "data",
      "type": "vsphere_host",
      "name": "host",
      "provider": "provider.vsphere",
      "instances": [
        {
          "schema_version": 0,
          "attributes": {
            "datacenter_id": "datacenter-2",
            "id": "host-207",
            "name": "10.16.1.41",
            "resource_pool_id": "resgroup-206"
          }
        }
      ]
    },
    {
      "mode": "managed",
      "type": "esxi_guest",
      "name": "vManage",
      "each": "map",
      "provider": "provider.esxi",
      "instances": [
        {
          "index_key": "POD5_vManage1",
          "schema_version": 0,
          "attributes": {
            "boot_disk_size": null,
            "boot_disk_type": null,
            "clone_from_vm": null,
            "disk_store": "ESX1_7TB_SSD_2xRAID0",
            "guest_name": "SDWAN_POD5_vManage1",
            "guest_shutdown_timeout": 20,
            "guest_startup_timeout": 60,
            "guestinfo": null,
            "guestos": "rhel6-64",
            "id": "386",
            "ip_address": "",
            "memsize": "32768",
            "network_interfaces": [
              {
                "mac_address": "02:00:aa:05:00:72",
                "nic_type": "vmxnet3",
                "virtual_network": "(3158) SDN_POD5_VM"
              },
              {
                "mac_address": "",
                "nic_type": "vmxnet3",
                "virtual_network": "(2533) POD5_SDWAN_CONTROLLERS"
              }
            ],
            "notes": "",
            "numvcpus": "2",
            "ovf_source": "/root/download/vManage/POD5_vManage1.ovf",
            "power": "off",
            "resource_pool_name": "/",
            "virthwver": "8",
            "virtual_disks": [
              {
                "slot": "1:1",
                "virtual_disk_id": "/vmfs/volumes/ESX1_7TB_SSD_2xRAID0/SDWAN_vManage_datadisks/POD5_vManage.vmdk"
              }
            ]
          },
          "private": "bnVsbA==",
          "dependencies": [
            "esxi_virtual_disk.vmanage_disk"
          ]
        }
      ]
    },
    {
      "mode": "managed",
      "type": "esxi_virtual_disk",
      "name": "vmanage_disk",
      "provider": "provider.esxi",
      "instances": [
        {
          "schema_version": 0,
          "attributes": {
            "id": "/vmfs/volumes/ESX1_7TB_SSD_2xRAID0/SDWAN_vManage_datadisks/POD5_vManage.vmdk",
            "virtual_disk_dir": "SDWAN_vManage_datadisks",
            "virtual_disk_disk_store": "ESX1_7TB_SSD_2xRAID0",
            "virtual_disk_name": "POD5_vManage.vmdk",
            "virtual_disk_size": 100,
            "virtual_disk_type": "thin"
          },
          "private": "bnVsbA=="
        }
      ]
    },
    {
      "mode": "managed",
      "type": "vsphere_host_port_group",
      "name": "pod_portgroups",
      "each": "map",
      "provider": "provider.vsphere",
      "instances": [
        {
          "index_key": "CONTROLLERS",
          "schema_version": 0,
          "attributes": {
            "active_nics": null,
            "allow_forged_transmits": true,
            "allow_mac_changes": true,
            "allow_promiscuous": true,
            "check_beacon": null,
            "computed_policy": {
              "active_nics.#": "1",
              "active_nics.0": "vmnic5",
              "allow_forged_transmits": "true",
              "allow_mac_changes": "true",
              "allow_promiscuous": "true",
              "check_beacon": "false",
              "failback": "true",
              "notify_switches": "true",
              "shaping_average_bandwidth": "0",
              "shaping_burst_size": "0",
              "shaping_enabled": "false",
              "shaping_peak_bandwidth": "0",
              "standby_nics.#": "0",
              "teaming_policy": "loadbalance_srcid"
            },
            "failback": null,
            "host_system_id": "host-207",
            "id": "tf-HostPortGroup:host-207:(2533) POD5_SDWAN_CONTROLLERS",
            "key": "key-vim.host.PortGroup-(2533) POD5_SDWAN_CONTROLLERS",
            "name": "(2533) POD5_SDWAN_CONTROLLERS",
            "notify_switches": null,
            "ports": [],
            "shaping_average_bandwidth": 0,
            "shaping_burst_size": 0,
            "shaping_enabled": null,
            "shaping_peak_bandwidth": 0,
            "standby_nics": null,
            "teaming_policy": "",
            "virtual_switch_name": "vSwitch0",
            "vlan_id": 2533
          },
          "private": "bnVsbA=="
        },
        {
          "index_key": "INTERNET",
          "schema_version": 0,
          "attributes": {
            "active_nics": null,
            "allow_forged_transmits": true,
            "allow_mac_changes": true,
            "allow_promiscuous": true,
            "check_beacon": null,
            "computed_policy": {
              "active_nics.#": "1",
              "active_nics.0": "vmnic5",
              "allow_forged_transmits": "true",
              "allow_mac_changes": "true",
              "allow_promiscuous": "true",
              "check_beacon": "false",
              "failback": "true",
              "notify_switches": "true",
              "shaping_average_bandwidth": "0",
              "shaping_burst_size": "0",
              "shaping_enabled": "false",
              "shaping_peak_bandwidth": "0",
              "standby_nics.#": "0",
              "teaming_policy": "loadbalance_srcid"
            },
            "failback": null,
            "host_system_id": "host-207",
            "id": "tf-HostPortGroup:host-207:(2532) POD5_SDWAN_INTERNET",
            "key": "key-vim.host.PortGroup-(2532) POD5_SDWAN_INTERNET",
            "name": "(2532) POD5_SDWAN_INTERNET",
            "notify_switches": null,
            "ports": [],
            "shaping_average_bandwidth": 0,
            "shaping_burst_size": 0,
            "shaping_enabled": null,
            "shaping_peak_bandwidth": 0,
            "standby_nics": null,
            "teaming_policy": "",
            "virtual_switch_name": "vSwitch0",
            "vlan_id": 2532
          },
          "private": "bnVsbA=="
        },
        {
          "index_key": "MPLS",
          "schema_version": 0,
          "attributes": {
            "active_nics": null,
            "allow_forged_transmits": true,
            "allow_mac_changes": true,
            "allow_promiscuous": true,
            "check_beacon": null,
            "computed_policy": {
              "active_nics.#": "1",
              "active_nics.0": "vmnic5",
              "allow_forged_transmits": "true",
              "allow_mac_changes": "true",
              "allow_promiscuous": "true",
              "check_beacon": "false",
              "failback": "true",
              "notify_switches": "true",
              "shaping_average_bandwidth": "0",
              "shaping_burst_size": "0",
              "shaping_enabled": "false",
              "shaping_peak_bandwidth": "0",
              "standby_nics.#": "0",
              "teaming_policy": "loadbalance_srcid"
            },
            "failback": null,
            "host_system_id": "host-207",
            "id": "tf-HostPortGroup:host-207:(2531) POD5_SDWAN_MPLS",
            "key": "key-vim.host.PortGroup-(2531) POD5_SDWAN_MPLS",
            "name": "(2531) POD5_SDWAN_MPLS",
            "notify_switches": null,
            "ports": [],
            "shaping_average_bandwidth": 0,
            "shaping_burst_size": 0,
            "shaping_enabled": null,
            "shaping_peak_bandwidth": 0,
            "standby_nics": null,
            "teaming_policy": "",
            "virtual_switch_name": "vSwitch0",
            "vlan_id": 2531
          },
          "private": "bnVsbA=="
        },
        {
          "index_key": "VE1_CORE",
          "schema_version": 0,
          "attributes": {
            "active_nics": null,
            "allow_forged_transmits": true,
            "allow_mac_changes": true,
            "allow_promiscuous": true,
            "check_beacon": null,
            "computed_policy": {
              "active_nics.#": "1",
              "active_nics.0": "vmnic5",
              "allow_forged_transmits": "true",
              "allow_mac_changes": "true",
              "allow_promiscuous": "true",
              "check_beacon": "false",
              "failback": "true",
              "notify_switches": "true",
              "shaping_average_bandwidth": "0",
              "shaping_burst_size": "0",
              "shaping_enabled": "false",
              "shaping_peak_bandwidth": "0",
              "standby_nics.#": "0",
              "teaming_policy": "loadbalance_srcid"
            },
            "failback": null,
            "host_system_id": "host-207",
            "id": "tf-HostPortGroup:host-207:(2541) POD5_SDWAN_VE1_CORE",
            "key": "key-vim.host.PortGroup-(2541) POD5_SDWAN_VE1_CORE",
            "name": "(2541) POD5_SDWAN_VE1_CORE",
            "notify_switches": null,
            "ports": [],
            "shaping_average_bandwidth": 0,
            "shaping_burst_size": 0,
            "shaping_enabled": null,
            "shaping_peak_bandwidth": 0,
            "standby_nics": null,
            "teaming_policy": "",
            "virtual_switch_name": "vSwitch0",
            "vlan_id": 2541
          },
          "private": "bnVsbA=="
        },
        {
          "index_key": "VE2_CORE",
          "schema_version": 0,
          "attributes": {
            "active_nics": null,
            "allow_forged_transmits": true,
            "allow_mac_changes": true,
            "allow_promiscuous": true,
            "check_beacon": null,
            "computed_policy": {
              "active_nics.#": "1",
              "active_nics.0": "vmnic5",
              "allow_forged_transmits": "true",
              "allow_mac_changes": "true",
              "allow_promiscuous": "true",
              "check_beacon": "false",
              "failback": "true",
              "notify_switches": "true",
              "shaping_average_bandwidth": "0",
              "shaping_burst_size": "0",
              "shaping_enabled": "false",
              "shaping_peak_bandwidth": "0",
              "standby_nics.#": "0",
              "teaming_policy": "loadbalance_srcid"
            },
            "failback": null,
            "host_system_id": "host-207",
            "id": "tf-HostPortGroup:host-207:(2542) POD5_SDWAN_VE2_CORE",
            "key": "key-vim.host.PortGroup-(2542) POD5_SDWAN_VE2_CORE",
            "name": "(2542) POD5_SDWAN_VE2_CORE",
            "notify_switches": null,
            "ports": [],
            "shaping_average_bandwidth": 0,
            "shaping_burst_size": 0,
            "shaping_enabled": null,
            "shaping_peak_bandwidth": 0,
            "standby_nics": null,
            "teaming_policy": "",
            "virtual_switch_name": "vSwitch0",
            "vlan_id": 2542
          },
          "private": "bnVsbA=="
        },
        {
          "index_key": "VE3_CORE",
          "schema_version": 0,
          "attributes": {
            "active_nics": null,
            "allow_forged_transmits": true,
            "allow_mac_changes": true,
            "allow_promiscuous": true,
            "check_beacon": null,
            "computed_policy": {
              "active_nics.#": "1",
              "active_nics.0": "vmnic5",
              "allow_forged_transmits": "true",
              "allow_mac_changes": "true",
              "allow_promiscuous": "true",
              "check_beacon": "false",
              "failback": "true",
              "notify_switches": "true",
              "shaping_average_bandwidth": "0",
              "shaping_burst_size": "0",
              "shaping_enabled": "false",
              "shaping_peak_bandwidth": "0",
              "standby_nics.#": "0",
              "teaming_policy": "loadbalance_srcid"
            },
            "failback": null,
            "host_system_id": "host-207",
            "id": "tf-HostPortGroup:host-207:(2543) POD5_SDWAN_VE3_CORE",
            "key": "key-vim.host.PortGroup-(2543) POD5_SDWAN_VE3_CORE",
            "name": "(2543) POD5_SDWAN_VE3_CORE",
            "notify_switches": null,
            "ports": [],
            "shaping_average_bandwidth": 0,
            "shaping_burst_size": 0,
            "shaping_enabled": null,
            "shaping_peak_bandwidth": 0,
            "standby_nics": null,
            "teaming_policy": "",
            "virtual_switch_name": "vSwitch0",
            "vlan_id": 2543
          },
          "private": "bnVsbA=="
        },
        {
          "index_key": "VE4_CORE",
          "schema_version": 0,
          "attributes": {
            "active_nics": null,
            "allow_forged_transmits": true,
            "allow_mac_changes": true,
            "allow_promiscuous": true,
            "check_beacon": null,
            "computed_policy": {
              "active_nics.#": "1",
              "active_nics.0": "vmnic5",
              "allow_forged_transmits": "true",
              "allow_mac_changes": "true",
              "allow_promiscuous": "true",
              "check_beacon": "false",
              "failback": "true",
              "notify_switches": "true",
              "shaping_average_bandwidth": "0",
              "shaping_burst_size": "0",
              "shaping_enabled": "false",
              "shaping_peak_bandwidth": "0",
              "standby_nics.#": "0",
              "teaming_policy": "loadbalance_srcid"
            },
            "failback": null,
            "host_system_id": "host-207",
            "id": "tf-HostPortGroup:host-207:(2544) POD5_SDWAN_VE4_CORE",
            "key": "key-vim.host.PortGroup-(2544) POD5_SDWAN_VE4_CORE",
            "name": "(2544) POD5_SDWAN_VE4_CORE",
            "notify_switches": null,
            "ports": [],
            "shaping_average_bandwidth": 0,
            "shaping_burst_size": 0,
            "shaping_enabled": null,
            "shaping_peak_bandwidth": 0,
            "standby_nics": null,
            "teaming_policy": "",
            "virtual_switch_name": "vSwitch0",
            "vlan_id": 2544
          },
          "private": "bnVsbA=="
        },
        {
          "index_key": "VE5_CORE",
          "schema_version": 0,
          "attributes": {
            "active_nics": null,
            "allow_forged_transmits": true,
            "allow_mac_changes": true,
            "allow_promiscuous": true,
            "check_beacon": null,
            "computed_policy": {
              "active_nics.#": "1",
              "active_nics.0": "vmnic5",
              "allow_forged_transmits": "true",
              "allow_mac_changes": "true",
              "allow_promiscuous": "true",
              "check_beacon": "false",
              "failback": "true",
              "notify_switches": "true",
              "shaping_average_bandwidth": "0",
              "shaping_burst_size": "0",
              "shaping_enabled": "false",
              "shaping_peak_bandwidth": "0",
              "standby_nics.#": "0",
              "teaming_policy": "loadbalance_srcid"
            },
            "failback": null,
            "host_system_id": "host-207",
            "id": "tf-HostPortGroup:host-207:(2545) POD5_SDWAN_VE5_CORE",
            "key": "key-vim.host.PortGroup-(2545) POD5_SDWAN_VE5_CORE",
            "name": "(2545) POD5_SDWAN_VE5_CORE",
            "notify_switches": null,
            "ports": [],
            "shaping_average_bandwidth": 0,
            "shaping_burst_size": 0,
            "shaping_enabled": null,
            "shaping_peak_bandwidth": 0,
            "standby_nics": null,
            "teaming_policy": "",
            "virtual_switch_name": "vSwitch0",
            "vlan_id": 2545
          },
          "private": "bnVsbA=="
        }
      ]
    }
  ]
}
